{
  "name": "wechat-share",
  "version": "1.0.1",
  "lockfileVersion": 1,
  "requires": true,
  "dependencies": {
    "typescript": {
      "version": "3.3.4000",
      "resolved": "http://registry.npm.taobao.org/typescript/download/typescript-3.3.4000.tgz",
      "integrity": "sha1-drD4nP2/l4J+ERLWTyg/EVHWrfA=",
      "dev": true
    }
  }
}
